// !$*UTF8*$!
{
	archiveVersion = 1;
	classes = {
	};
	objectVersion = 56;
	objects = {

/* Begin PBXBuildFile section */
		D98DC3052A148C30006660FA /* AppDelegate.swift in Sources */ = {isa = PBXBuildFile; fileRef = D98DC3042A148C30006660FA /* AppDelegate.swift */; };
		D98DC3072A148C30006660FA /* SceneDelegate.swift in Sources */ = {isa = PBXBuildFile; fileRef = D98DC3062A148C30006660FA /* SceneDelegate.swift */; };
		D98DC3092A148C30006660FA /* ViewController.swift in Sources */ = {isa = PBXBuildFile; fileRef = D98DC3082A148C30006660FA /* ViewController.swift */; };
		D98DC30C2A148C30006660FA /* Main.storyboard in Resources */ = {isa = PBXBuildFile; fileRef = D98DC30A2A148C30006660FA /* Main.storyboard */; };
		D98DC30E2A148C30006660FA /* Assets.xcassets in Resources */ = {isa = PBXBuildFile; fileRef = D98DC30D2A148C30006660FA /* Assets.xcassets */; };
		D98DC3112A148C30006660FA /* LaunchScreen.storyboard in Resources */ = {isa = PBXBuildFile; fileRef = D98DC30F2A148C30006660FA /* LaunchScreen.storyboard */; };
		D98DC31C2A148C30006660FA /* book_information_appTests.swift in Sources */ = {isa = PBXBuildFile; fileRef = D98DC31B2A148C30006660FA /* book_information_appTests.swift */; };
		D98DC3262A148C31006660FA /* book_information_appUITests.swift in Sources */ = {isa = PBXBuildFile; fileRef = D98DC3252A148C31006660FA /* book_information_appUITests.swift */; };
		D98DC3282A148C31006660FA /* book_information_appUITestsLaunchTests.swift in Sources */ = {isa = PBXBuildFile; fileRef = D98DC3272A148C31006660FA /* book_information_appUITestsLaunchTests.swift */; };
/* End PBXBuildFile section */

/* Begin PBXContainerItemProxy section */
		D98DC3182A148C30006660FA /* PBXContainerItemProxy */ = {
			isa = PBXContainerItemProxy;
			containerPortal = D98DC2F92A148C30006660FA /* Project object */;
			proxyType = 1;
			remoteGlobalIDString = D98DC3002A148C30006660FA;
			remoteInfo = "book-information-app";
		};
		D98DC3222A148C31006660FA /* PBXContainerItemProxy */ = {
			isa = PBXContainerItemProxy;
			containerPortal = D98DC2F92A148C30006660FA /* Project object */;
			proxyType = 1;
			remoteGlobalIDString = D98DC3002A148C30006660FA;
			remoteInfo = "book-information-app";
		};
/* End PBXContainerItemProxy section */

/* Begin PBXFileReference section */
		D98DC3012A148C30006660FA /* book-information-app.app */ = {isa = PBXFileReference; explicitFileType = wrapper.application; includeInIndex = 0; path = "book-information-app.app"; sourceTree = BUILT_PRODUCTS_DIR; };
		D98DC3042A148C30006660FA /* AppDelegate.swift */ = {isa = PBXFileReference; lastKnownFileType = sourcecode.swift; path = AppDelegate.swift; sourceTree = "<group>"; };
		D98DC3062A148C30006660FA /* SceneDelegate.swift */ = {isa = PBXFileReference; lastKnownFileType = sourcecode.swift; path = SceneDelegate.swift; sourceTree = "<group>"; };
		D98DC3082A148C30006660FA /* ViewController.swift */ = {isa = PBXFileReference; lastKnownFileType = sourcecode.swift; path = ViewController.swift; sourceTree = "<group>"; };
		D98DC30B2A148C30006660FA /* Base */ = {isa = PBXFileReference; lastKnownFileType = file.storyboard; name = Base; path = Base.lproj/Main.storyboard; sourceTree = "<group>"; };
		D98DC30D2A148C30006660FA /* Assets.xcassets */ = {isa = PBXFileReference; lastKnownFileType = folder.assetcatalog; path = Assets.xcassets; sourceTree = "<group>"; };
		D98DC3102A148C30006660FA /* Base */ = {isa = PBXFileReference; lastKnownFileType = file.storyboard; name = Base; path = Base.lproj/LaunchScreen.storyboard; sourceTree = "<group>"; };
		D98DC3122A148C30006660FA /* Info.plist */ = {isa = PBXFileReference; lastKnownFileType = text.plist.xml; path = Info.plist; sourceTree = "<group>"; };
		D98DC3172A148C30006660FA /* book-information-appTests.xctest */ = {isa = PBXFileReference; explicitFileType = wrapper.cfbundle; includeInIndex = 0; path = "book-information-appTests.xctest"; sourceTree = BUILT_PRODUCTS_DIR; };
		D98DC31B2A148C30006660FA /* book_information_appTests.swift */ = {isa = PBXFileReference; lastKnownFileType = sourcecode.swift; path = book_information_appTests.swift; sourceTree = "<group>"; };
		D98DC3212A148C31006660FA /* book-information-appUITests.xctest */ = {isa = PBXFileReference; explicitFileType = wrapper.cfbundle; includeInIndex = 0; path = "book-information-appUITests.xctest"; sourceTree = BUILT_PRODUCTS_DIR; };
		D98DC3252A148C31006660FA /* book_information_appUITests.swift */ = {isa = PBXFileReference; lastKnownFileType = sourcecode.swift; path = book_information_appUITests.swift; sourceTree = "<group>"; };
		D98DC3272A148C31006660FA /* book_information_appUITestsLaunchTests.swift */ = {isa = PBXFileReference; lastKnownFileType = sourcecode.swift; path = book_information_appUITestsLaunchTests.swift; sourceTree = "<group>"; };
/* End PBXFileReference section */

/* Begin PBXFrameworksBuildPhase section */
		D98DC2FE2A148C30006660FA /* Frameworks */ = {
			isa = PBXFrameworksBuildPhase;
			buildActionMask = 2147483647;
			files = (
			);
			runOnlyForDeploymentPostprocessing = 0;
		};
		D98DC3142A148C30006660FA /* Frameworks */ = {
			isa = PBXFrameworksBuildPhase;
			buildActionMask = 2147483647;
			files = (
			);
			runOnlyForDeploymentPostprocessing = 0;
		};
		D98DC31E2A148C31006660FA /* Frameworks */ = {
			isa = PBXFrameworksBuildPhase;
			buildActionMask = 2147483647;
			files = (
			);
			runOnlyForDeploymentPostprocessing = 0;
		};
/* End PBXFrameworksBuildPhase section */

/* Begin PBXGroup section */
		D98DC2F82A148C30006660FA = {
			isa = PBXGroup;
			children = (
				D98DC3032A148C30006660FA /* book-information-app */,
				D98DC31A2A148C30006660FA /* book-information-appTests */,
				D98DC3242A148C31006660FA /* book-information-appUITests */,
				D98DC3022A148C30006660FA /* Products */,
			);
			sourceTree = "<group>";
		};
		D98DC3022A148C30006660FA /* Products */ = {
			isa = PBXGroup;
			children = (
				D98DC3012A148C30006660FA /* book-information-app.app */,
				D98DC3172A148C30006660FA /* book-information-appTests.xctest */,
				D98DC3212A148C31006660FA /* book-information-appUITests.xctest */,
			);
			name = Products;
			sourceTree = "<group>";
		};
		D98DC3032A148C30006660FA /* book-information-app */ = {
			isa = PBXGroup;
			children = (
				D98DC3362A148E01006660FA /* App */,
				D98DC3352A148DEC006660FA /* UI */,
				D98DC3342A148DCC006660FA /* Presentation */,
				D98DC3372A148E49006660FA /* Configuration */,
			);
			path = "book-information-app";
			sourceTree = "<group>";
		};
		D98DC31A2A148C30006660FA /* book-information-appTests */ = {
			isa = PBXGroup;
			children = (
				D98DC31B2A148C30006660FA /* book_information_appTests.swift */,
			);
			path = "book-information-appTests";
			sourceTree = "<group>";
		};
		D98DC3242A148C31006660FA /* book-information-appUITests */ = {
			isa = PBXGroup;
			children = (
				D98DC3252A148C31006660FA /* book_information_appUITests.swift */,
				D98DC3272A148C31006660FA /* book_information_appUITestsLaunchTests.swift */,
			);
			path = "book-information-appUITests";
			sourceTree = "<group>";
		};
		D98DC3342A148DCC006660FA /* Presentation */ = {
			isa = PBXGroup;
			children = (
				D98DC3082A148C30006660FA /* ViewController.swift */,
			);
			path = Presentation;
			sourceTree = "<group>";
		};
		D98DC3352A148DEC006660FA /* UI */ = {
			isa = PBXGroup;
			children = (
				D98DC30A2A148C30006660FA /* Main.storyboard */,
				D98DC30F2A148C30006660FA /* LaunchScreen.storyboard */,
			);
			path = UI;
			sourceTree = "<group>";
		};
		D98DC3362A148E01006660FA /* App */ = {
			isa = PBXGroup;
			children = (
				D98DC3042A148C30006660FA /* AppDelegate.swift */,
				D98DC3062A148C30006660FA /* SceneDelegate.swift */,
			);
			path = App;
			sourceTree = "<group>";
		};
		D98DC3372A148E49006660FA /* Configuration */ = {
			isa = PBXGroup;
			children = (
				D98DC30D2A148C30006660FA /* Assets.xcassets */,
				D98DC3122A148C30006660FA /* Info.plist */,
			);
			path = Configuration;
			sourceTree = "<group>";
		};
/* End PBXGroup section */

/* Begin PBXNativeTarget section */
		D98DC3002A148C30006660FA /* book-information-app */ = {
			isa = PBXNativeTarget;
			buildConfigurationList = D98DC32B2A148C31006660FA /* Build configuration list for PBXNativeTarget "book-information-app" */;
			buildPhases = (
				D98DC2FD2A148C30006660FA /* Sources */,
				D98DC2FE2A148C30006660FA /* Frameworks */,
				D98DC2FF2A148C30006660FA /* Resources */,
			);
			buildRules = (
			);
			dependencies = (
			);
			name = "book-information-app";
			productName = "book-information-app";
			productReference = D98DC3012A148C30006660FA /* book-information-app.app */;
			productType = "com.apple.product-type.application";
		};
		D98DC3162A148C30006660FA /* book-information-appTests */ = {
			isa = PBXNativeTarget;
			buildConfigurationList = D98DC32E2A148C31006660FA /* Build configuration list for PBXNativeTarget "book-information-appTests" */;
			buildPhases = (
				D98DC3132A148C30006660FA /* Sources */,
				D98DC3142A148C30006660FA /* Frameworks */,
				D98DC3152A148C30006660FA /* Resources */,
			);
			buildRules = (
			);
			dependencies = (
				D98DC3192A148C30006660FA /* PBXTargetDependency */,
			);
			name = "book-information-appTests";
			productName = "book-information-appTests";
			productReference = D98DC3172A148C30006660FA /* book-information-appTests.xctest */;
			productType = "com.apple.product-type.bundle.unit-test";
		};
		D98DC3202A148C31006660FA /* book-information-appUITests */ = {
			isa = PBXNativeTarget;
			buildConfigurationList = D98DC3312A148C31006660FA /* Build configuration list for PBXNativeTarget "book-information-appUITests" */;
			buildPhases = (
				D98DC31D2A148C31006660FA /* Sources */,
				D98DC31E2A148C31006660FA /* Frameworks */,
				D98DC31F2A148C31006660FA /* Resources */,
			);
			buildRules = (
			);
			dependencies = (
				D98DC3232A148C31006660FA /* PBXTargetDependency */,
			);
			name = "book-information-appUITests";
			productName = "book-information-appUITests";
			productReference = D98DC3212A148C31006660FA /* book-information-appUITests.xctest */;
			productType = "com.apple.product-type.bundle.ui-testing";
		};
/* End PBXNativeTarget section */

/* Begin PBXProject section */
		D98DC2F92A148C30006660FA /* Project object */ = {
			isa = PBXProject;
			attributes = {
				BuildIndependentTargetsInParallel = 1;
				LastSwiftUpdateCheck = 1430;
				LastUpgradeCheck = 1430;
				TargetAttributes = {
					D98DC3002A148C30006660FA = {
						CreatedOnToolsVersion = 14.3;
					};
					D98DC3162A148C30006660FA = {
						CreatedOnToolsVersion = 14.3;
						TestTargetID = D98DC3002A148C30006660FA;
					};
					D98DC3202A148C31006660FA = {
						CreatedOnToolsVersion = 14.3;
						TestTargetID = D98DC3002A148C30006660FA;
					};
				};
			};
			buildConfigurationList = D98DC2FC2A148C30006660FA /* Build configuration list for PBXProject "book-information-app" */;
			compatibilityVersion = "Xcode 14.0";
			developmentRegion = en;
			hasScannedForEncodings = 0;
			knownRegions = (
				en,
				Base,
			);
			mainGroup = D98DC2F82A148C30006660FA;
			productRefGroup = D98DC3022A148C30006660FA /* Products */;
			projectDirPath = "";
			projectRoot = "";
			targets = (
				D98DC3002A148C30006660FA /* book-information-app */,
				D98DC3162A148C30006660FA /* book-information-appTests */,
				D98DC3202A148C31006660FA /* book-information-appUITests */,
			);
		};
/* End PBXProject section */

/* Begin PBXResourcesBuildPhase section */
		D98DC2FF2A148C30006660FA /* Resources */ = {
			isa = PBXResourcesBuildPhase;
			buildActionMask = 2147483647;
			files = (
				D98DC3112A148C30006660FA /* LaunchScreen.storyboard in Resources */,
				D98DC30E2A148C30006660FA /* Assets.xcassets in Resources */,
				D98DC30C2A148C30006660FA /* Main.storyboard in Resources */,
			);
			runOnlyForDeploymentPostprocessing = 0;
		};
		D98DC3152A148C30006660FA /* Resources */ = {
			isa = PBXResourcesBuildPhase;
			buildActionMask = 2147483647;
			files = (
			);
			runOnlyForDeploymentPostprocessing = 0;
		};
		D98DC31F2A148C31006660FA /* Resources */ = {
			isa = PBXResourcesBuildPhase;
			buildActionMask = 2147483647;
			files = (
			);
			runOnlyForDeploymentPostprocessing = 0;
		};
/* End PBXResourcesBuildPhase section */

/* Begin PBXSourcesBuildPhase section */
		D98DC2FD2A148C30006660FA /* Sources */ = {
			isa = PBXSourcesBuildPhase;
			buildActionMask = 2147483647;
			files = (
				D98DC3092A148C30006660FA /* ViewController.swift in Sources */,
				D98DC3052A148C30006660FA /* AppDelegate.swift in Sources */,
				D98DC3072A148C30006660FA /* SceneDelegate.swift in Sources */,
			);
			runOnlyForDeploymentPostprocessing = 0;
		};
		D98DC3132A148C30006660FA /* Sources */ = {
			isa = PBXSourcesBuildPhase;
			buildActionMask = 2147483647;
			files = (
				D98DC31C2A148C30006660FA /* book_information_appTests.swift in Sources */,
			);
			runOnlyForDeploymentPostprocessing = 0;
		};
		D98DC31D2A148C31006660FA /* Sources */ = {
			isa = PBXSourcesBuildPhase;
			buildActionMask = 2147483647;
			files = (
				D98DC3282A148C31006660FA /* book_information_appUITestsLaunchTests.swift in Sources */,
				D98DC3262A148C31006660FA /* book_information_appUITests.swift in Sources */,
			);
			runOnlyForDeploymentPostprocessing = 0;
		};
/* End PBXSourcesBuildPhase section */

/* Begin PBXTargetDependency section */
		D98DC3192A148C30006660FA /* PBXTargetDependency */ = {
			isa = PBXTargetDependency;
			target = D98DC3002A148C30006660FA /* book-information-app */;
			targetProxy = D98DC3182A148C30006660FA /* PBXContainerItemProxy */;
		};
		D98DC3232A148C31006660FA /* PBXTargetDependency */ = {
			isa = PBXTargetDependency;
			target = D98DC3002A148C30006660FA /* book-information-app */;
			targetProxy = D98DC3222A148C31006660FA /* PBXContainerItemProxy */;
		};
/* End PBXTargetDependency section */

/* Begin PBXVariantGroup section */
		D98DC30A2A148C30006660FA /* Main.storyboard */ = {
			isa = PBXVariantGroup;
			children = (
				D98DC30B2A148C30006660FA /* Base */,
			);
			name = Main.storyboard;
			sourceTree = "<group>";
		};
		D98DC30F2A148C30006660FA /* LaunchScreen.storyboard */ = {
			isa = PBXVariantGroup;
			children = (
				D98DC3102A148C30006660FA /* Base */,
			);
			name = LaunchScreen.storyboard;
			sourceTree = "<group>";
		};
/* End PBXVariantGroup section */

/* Begin XCBuildConfiguration section */
		D98DC3292A148C31006660FA /* Debug */ = {
			isa = XCBuildConfiguration;
			buildSettings = {
				ALWAYS_SEARCH_USER_PATHS = NO;
				CLANG_ANALYZER_NONNULL = YES;
				CLANG_ANALYZER_NUMBER_OBJECT_CONVERSION = YES_AGGRESSIVE;
				CLANG_CXX_LANGUAGE_STANDARD = "gnu++20";
				CLANG_ENABLE_MODULES = YES;
				CLANG_ENABLE_OBJC_ARC = YES;
				CLANG_ENABLE_OBJC_WEAK = YES;
				CLANG_WARN_BLOCK_CAPTURE_AUTORELEASING = YES;
				CLANG_WARN_BOOL_CONVERSION = YES;
				CLANG_WARN_COMMA = YES;
				CLANG_WARN_CONSTANT_CONVERSION = YES;
				CLANG_WARN_DEPRECATED_OBJC_IMPLEMENTATIONS = YES;
				CLANG_WARN_DIRECT_OBJC_ISA_USAGE = YES_ERROR;
				CLANG_WARN_DOCUMENTATION_COMMENTS = YES;
				CLANG_WARN_EMPTY_BODY = YES;
				CLANG_WARN_ENUM_CONVERSION = YES;
				CLANG_WARN_INFINITE_RECURSION = YES;
				CLANG_WARN_INT_CONVERSION = YES;
				CLANG_WARN_NON_LITERAL_NULL_CONVERSION = YES;
				CLANG_WARN_OBJC_IMPLICIT_RETAIN_SELF = YES;
				CLANG_WARN_OBJC_LITERAL_CONVERSION = YES;
				CLANG_WARN_OBJC_ROOT_CLASS = YES_ERROR;
				CLANG_WARN_QUOTED_INCLUDE_IN_FRAMEWORK_HEADER = YES;
				CLANG_WARN_RANGE_LOOP_ANALYSIS = YES;
				CLANG_WARN_STRICT_PROTOTYPES = YES;
				CLANG_WARN_SUSPICIOUS_MOVE = YES;
				CLANG_WARN_UNGUARDED_AVAILABILITY = YES_AGGRESSIVE;
				CLANG_WARN_UNREACHABLE_CODE = YES;
				CLANG_WARN__DUPLICATE_METHOD_MATCH = YES;
				COPY_PHASE_STRIP = NO;
				DEBUG_INFORMATION_FORMAT = dwarf;
				ENABLE_STRICT_OBJC_MSGSEND = YES;
				ENABLE_TESTABILITY = YES;
				GCC_C_LANGUAGE_STANDARD = gnu11;
				GCC_DYNAMIC_NO_PIC = NO;
				GCC_NO_COMMON_BLOCKS = YES;
				GCC_OPTIMIZATION_LEVEL = 0;
				GCC_PREPROCESSOR_DEFINITIONS = (
					"DEBUG=1",
					"$(inherited)",
				);
				GCC_WARN_64_TO_32_BIT_CONVERSION = YES;
				GCC_WARN_ABOUT_RETURN_TYPE = YES_ERROR;
				GCC_WARN_UNDECLARED_SELECTOR = YES;
				GCC_WARN_UNINITIALIZED_AUTOS = YES_AGGRESSIVE;
				GCC_WARN_UNUSED_FUNCTION = YES;
				GCC_WARN_UNUSED_VARIABLE = YES;
				IPHONEOS_DEPLOYMENT_TARGET = 16.4;
				MTL_ENABLE_DEBUG_INFO = INCLUDE_SOURCE;
				MTL_FAST_MATH = YES;
				ONLY_ACTIVE_ARCH = YES;
				SDKROOT = iphoneos;
				SWIFT_ACTIVE_COMPILATION_CONDITIONS = DEBUG;
				SWIFT_OPTIMIZATION_LEVEL = "-Onone";
			};
			name = Debug;
		};
		D98DC32A2A148C31006660FA /* Release */ = {
			isa = XCBuildConfiguration;
			buildSettings = {
				ALWAYS_SEARCH_USER_PATHS = NO;
				CLANG_ANALYZER_NONNULL = YES;
				CLANG_ANALYZER_NUMBER_OBJECT_CONVERSION = YES_AGGRESSIVE;
				CLANG_CXX_LANGUAGE_STANDARD = "gnu++20";
				CLANG_ENABLE_MODULES = YES;
				CLANG_ENABLE_OBJC_ARC = YES;
				CLANG_ENABLE_OBJC_WEAK = YES;
				CLANG_WARN_BLOCK_CAPTURE_AUTORELEASING = YES;
				CLANG_WARN_BOOL_CONVERSION = YES;
				CLANG_WARN_COMMA = YES;
				CLANG_WARN_CONSTANT_CONVERSION = YES;
				CLANG_WARN_DEPRECATED_OBJC_IMPLEMENTATIONS = YES;
				CLANG_WARN_DIRECT_OBJC_ISA_USAGE = YES_ERROR;
				CLANG_WARN_DOCUMENTATION_COMMENTS = YES;
				CLANG_WARN_EMPTY_BODY = YES;
				CLANG_WARN_ENUM_CONVERSION = YES;
				CLANG_WARN_INFINITE_RECURSION = YES;
				CLANG_WARN_INT_CONVERSION = YES;
				CLANG_WARN_NON_LITERAL_NULL_CONVERSION = YES;
				CLANG_WARN_OBJC_IMPLICIT_RETAIN_SELF = YES;
				CLANG_WARN_OBJC_LITERAL_CONVERSION = YES;
				CLANG_WARN_OBJC_ROOT_CLASS = YES_ERROR;
				CLANG_WARN_QUOTED_INCLUDE_IN_FRAMEWORK_HEADER = YES;
				CLANG_WARN_RANGE_LOOP_ANALYSIS = YES;
				CLANG_WARN_STRICT_PROTOTYPES = YES;
				CLANG_WARN_SUSPICIOUS_MOVE = YES;
				CLANG_WARN_UNGUARDED_AVAILABILITY = YES_AGGRESSIVE;
				CLANG_WARN_UNREACHABLE_CODE = YES;
				CLANG_WARN__DUPLICATE_METHOD_MATCH = YES;
				COPY_PHASE_STRIP = NO;
				DEBUG_INFORMATION_FORMAT = "dwarf-with-dsym";
				ENABLE_NS_ASSERTIONS = NO;
				ENABLE_STRICT_OBJC_MSGSEND = YES;
				GCC_C_LANGUAGE_STANDARD = gnu11;
				GCC_NO_COMMON_BLOCKS = YES;
				GCC_WARN_64_TO_32_BIT_CONVERSION = YES;
				GCC_WARN_ABOUT_RETURN_TYPE = YES_ERROR;
				GCC_WARN_UNDECLARED_SELECTOR = YES;
				GCC_WARN_UNINITIALIZED_AUTOS = YES_AGGRESSIVE;
				GCC_WARN_UNUSED_FUNCTION = YES;
				GCC_WARN_UNUSED_VARIABLE = YES;
				IPHONEOS_DEPLOYMENT_TARGET = 16.4;
				MTL_ENABLE_DEBUG_INFO = NO;
				MTL_FAST_MATH = YES;
				SDKROOT = iphoneos;
				SWIFT_COMPILATION_MODE = wholemodule;
				SWIFT_OPTIMIZATION_LEVEL = "-O";
				VALIDATE_PRODUCT = YES;
			};
			name = Release;
		};
		D98DC32C2A148C31006660FA /* Debug */ = {
			isa = XCBuildConfiguration;
			buildSettings = {
				ASSETCATALOG_COMPILER_APPICON_NAME = AppIcon;
				ASSETCATALOG_COMPILER_GLOBAL_ACCENT_COLOR_NAME = AccentColor;
				CODE_SIGN_STYLE = Automatic;
				CURRENT_PROJECT_VERSION = 1;
				GENERATE_INFOPLIST_FILE = YES;
				INFOPLIST_FILE = "book-information-app/Info.plist";
				INFOPLIST_KEY_LSApplicationCategoryType = "public.app-category.books";
				INFOPLIST_KEY_UIApplicationSupportsIndirectInputEvents = YES;
				INFOPLIST_KEY_UILaunchStoryboardName = LaunchScreen;
				INFOPLIST_KEY_UIMainStoryboardFile = Main;
				INFOPLIST_KEY_UISupportedInterfaceOrientations_iPad = "UIInterfaceOrientationPortrait UIInterfaceOrientationPortraitUpsideDown UIInterfaceOrientationLandscapeLeft UIInterfaceOrientationLandscapeRight";
				INFOPLIST_KEY_UISupportedInterfaceOrientations_iPhone = "UIInterfaceOrientationPortrait UIInterfaceOrientationLandscapeLeft UIInterfaceOrientationLandscapeRight";
				IPHONEOS_DEPLOYMENT_TARGET = 15.0;
				LD_RUNPATH_SEARCH_PATHS = (
					"$(inherited)",
					"@executable_path/Frameworks",
				);
				MARKETING_VERSION = 1.0;
				PRODUCT_BUNDLE_IDENTIFIER = "com.lust3r.book-information-app";
				PRODUCT_NAME = "$(TARGET_NAME)";
				SWIFT_EMIT_LOC_STRINGS = YES;
				SWIFT_VERSION = 5.0;
				TARGETED_DEVICE_FAMILY = "1,2";
			};
			name = Debug;
		};
		D98DC32D2A148C31006660FA /* Release */ = {
			isa = XCBuildConfiguration;
			buildSettings = {
				ASSETCATALOG_COMPILER_APPICON_NAME = AppIcon;
				ASSETCATALOG_COMPILER_GLOBAL_ACCENT_COLOR_NAME = AccentColor;
				CODE_SIGN_STYLE = Automatic;
				CURRENT_PROJECT_VERSION = 1;
				GENERATE_INFOPLIST_FILE = YES;
				INFOPLIST_FILE = "book-information-app/Info.plist";
				INFOPLIST_KEY_LSApplicationCategoryType = "public.app-category.books";
				INFOPLIST_KEY_UIApplicationSupportsIndirectInputEvents = YES;
				INFOPLIST_KEY_UILaunchStoryboardName = LaunchScreen;
				INFOPLIST_KEY_UIMainStoryboardFile = Main;
				INFOPLIST_KEY_UISupportedInterfaceOrientations_iPad = "UIInterfaceOrientationPortrait UIInterfaceOrientationPortraitUpsideDown UIInterfaceOrientationLandscapeLeft UIInterfaceOrientationLandscapeRight";
				INFOPLIST_KEY_UISupportedInterfaceOrientations_iPhone = "UIInterfaceOrientationPortrait UIInterfaceOrientationLandscapeLeft UIInterfaceOrientationLandscapeRight";
				IPHONEOS_DEPLOYMENT_TARGET = 15.0;
				LD_RUNPATH_SEARCH_PATHS = (
					"$(inherited)",
					"@executable_path/Frameworks",
				);
				MARKETING_VERSION = 1.0;
				PRODUCT_BUNDLE_IDENTIFIER = "com.lust3r.book-information-app";
				PRODUCT_NAME = "$(TARGET_NAME)";
				SWIFT_EMIT_LOC_STRINGS = YES;
				SWIFT_VERSION = 5.0;
				TARGETED_DEVICE_FAMILY = "1,2";
			};
			name = Release;
		};
		D98DC32F2A148C31006660FA /* Debug */ = {
			isa = XCBuildConfiguration;
			buildSettings = {
				ALWAYS_EMBED_SWIFT_STANDARD_LIBRARIES = YES;
				BUNDLE_LOADER = "$(TEST_HOST)";
				CODE_SIGN_STYLE = Automatic;
				CURRENT_PROJECT_VERSION = 1;
				GENERATE_INFOPLIST_FILE = YES;
				IPHONEOS_DEPLOYMENT_TARGET = 16.4;
				MARKETING_VERSION = 1.0;
				PRODUCT_BUNDLE_IDENTIFIER = "com.lust3r.book-information-appTests";
				PRODUCT_NAME = "$(TARGET_NAME)";
				SWIFT_EMIT_LOC_STRINGS = NO;
				SWIFT_VERSION = 5.0;
				TARGETED_DEVICE_FAMILY = "1,2";
				TEST_HOST = "$(BUILT_PRODUCTS_DIR)/book-information-app.app/$(BUNDLE_EXECUTABLE_FOLDER_PATH)/book-information-app";
			};
			name = Debug;
		};
		D98DC3302A148C31006660FA /* Release */ = {
			isa = XCBuildConfiguration;
			buildSettings = {
				ALWAYS_EMBED_SWIFT_STANDARD_LIBRARIES = YES;
				BUNDLE_LOADER = "$(TEST_HOST)";
				CODE_SIGN_STYLE = Automatic;
				CURRENT_PROJECT_VERSION = 1;
				GENERATE_INFOPLIST_FILE = YES;
				IPHONEOS_DEPLOYMENT_TARGET = 16.4;
				MARKETING_VERSION = 1.0;
				PRODUCT_BUNDLE_IDENTIFIER = "com.lust3r.book-information-appTests";
				PRODUCT_NAME = "$(TARGET_NAME)";
				SWIFT_EMIT_LOC_STRINGS = NO;
				SWIFT_VERSION = 5.0;
				TARGETED_DEVICE_FAMILY = "1,2";
				TEST_HOST = "$(BUILT_PRODUCTS_DIR)/book-information-app.app/$(BUNDLE_EXECUTABLE_FOLDER_PATH)/book-information-app";
			};
			name = Release;
		};
		D98DC3322A148C31006660FA /* Debug */ = {
			isa = XCBuildConfiguration;
			buildSettings = {
				ALWAYS_EMBED_SWIFT_STANDARD_LIBRARIES = YES;
				CODE_SIGN_STYLE = Automatic;
				CURRENT_PROJECT_VERSION = 1;
				GENERATE_INFOPLIST_FILE = YES;
				MARKETING_VERSION = 1.0;
				PRODUCT_BUNDLE_IDENTIFIER = "com.lust3r.book-information-appUITests";
				PRODUCT_NAME = "$(TARGET_NAME)";
				SWIFT_EMIT_LOC_STRINGS = NO;
				SWIFT_VERSION = 5.0;
				TARGETED_DEVICE_FAMILY = "1,2";
				TEST_TARGET_NAME = "book-information-app";
			};
			name = Debug;
		};
		D98DC3332A148C31006660FA /* Release */ = {
			isa = XCBuildConfiguration;
			buildSettings = {
				ALWAYS_EMBED_SWIFT_STANDARD_LIBRARIES = YES;
				CODE_SIGN_STYLE = Automatic;
				CURRENT_PROJECT_VERSION = 1;
				GENERATE_INFOPLIST_FILE = YES;
				MARKETING_VERSION = 1.0;
				PRODUCT_BUNDLE_IDENTIFIER = "com.lust3r.book-information-appUITests";
				PRODUCT_NAME = "$(TARGET_NAME)";
				SWIFT_EMIT_LOC_STRINGS = NO;
				SWIFT_VERSION = 5.0;
				TARGETED_DEVICE_FAMILY = "1,2";
				TEST_TARGET_NAME = "book-information-app";
			};
			name = Release;
		};
/* End XCBuildConfiguration section */

/* Begin XCConfigurationList section */
		D98DC2FC2A148C30006660FA /* Build configuration list for PBXProject "book-information-app" */ = {
			isa = XCConfigurationList;
			buildConfigurations = (
				D98DC3292A148C31006660FA /* Debug */,
				D98DC32A2A148C31006660FA /* Release */,
			);
			defaultConfigurationIsVisible = 0;
			defaultConfigurationName = Release;
		};
		D98DC32B2A148C31006660FA /* Build configuration list for PBXNativeTarget "book-information-app" */ = {
			isa = XCConfigurationList;
			buildConfigurations = (
				D98DC32C2A148C31006660FA /* Debug */,
				D98DC32D2A148C31006660FA /* Release */,
			);
			defaultConfigurationIsVisible = 0;
			defaultConfigurationName = Release;
		};
		D98DC32E2A148C31006660FA /* Build configuration list for PBXNativeTarget "book-information-appTests" */ = {
			isa = XCConfigurationList;
			buildConfigurations = (
				D98DC32F2A148C31006660FA /* Debug */,
				D98DC3302A148C31006660FA /* Release */,
			);
			defaultConfigurationIsVisible = 0;
			defaultConfigurationName = Release;
		};
		D98DC3312A148C31006660FA /* Build configuration list for PBXNativeTarget "book-information-appUITests" */ = {
			isa = XCConfigurationList;
			buildConfigurations = (
				D98DC3322A148C31006660FA /* Debug */,
				D98DC3332A148C31006660FA /* Release */,
			);
			defaultConfigurationIsVisible = 0;
			defaultConfigurationName = Release;
		};
/* End XCConfigurationList section */
	};
	rootObject = D98DC2F92A148C30006660FA /* Project object */;
}
